{
  "nodes": {
    "libcamera-src": {
      "flake": false,
      "locked": {
        "lastModified": 1725630279,
        "narHash": "sha256-KH30jmHfxXq4j2CL7kv18DYECJRp9ECuWNPnqPZajPA=",
        "owner": "raspberrypi",
        "repo": "libcamera",
        "rev": "69a894c4adad524d3063dd027f5c4774485cf9db",
        "type": "github"
      },
      "original": {
        "owner": "raspberrypi",
        "repo": "libcamera",
        "rev": "69a894c4adad524d3063dd027f5c4774485cf9db",
        "type": "github"
      }
    },
    "libpisp-src": {
      "flake": false,
      "locked": {
        "lastModified": 1745935823,
        "narHash": "sha256-YshU7G5Rov67CVwFbf5ENp2j5ptAvkVrlMu85KmnEpk=",
        "owner": "raspberrypi",
        "repo": "libpisp",
        "rev": "981977ff21f32c8a97d2a0ecbdff3e39d42ccce3",
        "type": "github"
      },
      "original": {
        "owner": "raspberrypi",
        "ref": "v1.2.1",
        "repo": "libpisp",
        "type": "github"
      }
    },
    "nixpkgs": {
      "locked": {
        "lastModified": 1748437600,
        "narHash": "sha256-hYKMs3ilp09anGO7xzfGs3JqEgUqFMnZ8GMAqI6/k04=",
        "owner": "NixOS",
        "repo": "nixpkgs",
        "rev": "7282cb574e0607e65224d33be8241eae7cfe0979",
        "type": "github"
      },
      "original": {
        "owner": "NixOS",
        "ref": "nixos-25.05",
        "repo": "nixpkgs",
        "type": "github"
      }
    },
    "root": {
      "inputs": {
        "libcamera-src": "libcamera-src",
        "libpisp-src": "libpisp-src",
        "nixpkgs": "nixpkgs",
        "rpi-bluez-firmware-src": "rpi-bluez-firmware-src",
        "rpi-firmware-nonfree-src": "rpi-firmware-nonfree-src",
        "rpi-firmware-src": "rpi-firmware-src",
        "rpi-linux-6_12_17-src": "rpi-linux-6_12_17-src",
        "rpi-linux-6_6_78-src": "rpi-linux-6_6_78-src",
        "rpi-linux-stable-src": "rpi-linux-stable-src",
        "rpicam-apps-src": "rpicam-apps-src"
      }
    },
    "rpi-bluez-firmware-src": {
      "flake": false,
      "locked": {
        "lastModified": 1741017538,
        "narHash": "sha256-t+D4VUfEIov83KV4wiKp6TqXTHXGkxg/mANi4GW7QHs=",
        "owner": "RPi-Distro",
        "repo": "bluez-firmware",
        "rev": "2bbfb8438e824f5f61dae3f6ebb367a6129a4d63",
        "type": "github"
      },
      "original": {
        "owner": "RPi-Distro",
        "ref": "bookworm",
        "repo": "bluez-firmware",
        "type": "github"
      }
    },
    "rpi-firmware-nonfree-src": {
      "flake": false,
      "locked": {
        "lastModified": 1744123009,
        "narHash": "sha256-5ywIPs3lpmqVOVP3B75H577fYkkucDqB7htY2U1DW8U=",
        "owner": "RPi-Distro",
        "repo": "firmware-nonfree",
        "rev": "c9d3ae6584ab79d19a4f94ccf701e888f9f87a53",
        "type": "github"
      },
      "original": {
        "owner": "RPi-Distro",
        "ref": "bookworm",
        "repo": "firmware-nonfree",
        "type": "github"
      }
    },
    "rpi-firmware-src": {
      "flake": false,
      "locked": {
        "lastModified": 1746016739,
        "narHash": "sha256-U41EgEDny1R+JFktSC/3CE+2Qi7GJludj929ft49Nm0=",
        "owner": "raspberrypi",
        "repo": "firmware",
        "rev": "bc7f439c234e19371115e07b57c366df59cc1bc7",
        "type": "github"
      },
      "original": {
        "owner": "raspberrypi",
        "ref": "1.20250430",
        "repo": "firmware",
        "type": "github"
      }
    },
    "rpi-linux-6_12_17-src": {
      "flake": false,
      "locked": {
        "lastModified": 1748537949,
        "narHash": "sha256-yR+9PBnGr75mPGBd4PSc3FKtdJ05ULetkXnAY8HEvU8=",
        "owner": "raspberrypi",
        "repo": "linux",
        "rev": "23e6672404e861634632f17e9d3253d265cc8186",
        "type": "github"
      },
      "original": {
        "owner": "raspberrypi",
        "ref": "rpi-6.12.y",
        "repo": "linux",
        "type": "github"
      }
    },
    "rpi-linux-6_6_78-src": {
      "flake": false,
      "locked": {
        "lastModified": 1743008740,
        "narHash": "sha256-9wumAt/c39yi9vYz/6vgSywSq5GH8Aa2ZFuXhU9N7fk=",
        "owner": "raspberrypi",
        "repo": "linux",
        "rev": "bba53a117a4a5c29da892962332ff1605990e17a",
        "type": "github"
      },
      "original": {
        "owner": "raspberrypi",
        "ref": "rpi-6.6.y",
        "repo": "linux",
        "type": "github"
      }
    },
    "rpi-linux-stable-src": {
      "flake": false,
      "locked": {
        "lastModified": 1728403745,
        "narHash": "sha256-phCxkuO+jUGZkfzSrBq6yErQeO2Td+inIGHxctXbD5U=",
        "owner": "raspberrypi",
        "repo": "linux",
        "rev": "5aeecea9f4a45248bcf564dec924965e066a7bfd",
        "type": "github"
      },
      "original": {
        "owner": "raspberrypi",
        "ref": "stable_20241008",
        "repo": "linux",
        "type": "github"
      }
    },
    "rpicam-apps-src": {
      "flake": false,
      "locked": {
        "lastModified": 1745847079,
        "narHash": "sha256-79qpAfY83YOZdM5ZPyIOkg3s7x75hvjG6Cc96UAIdb0=",
        "owner": "raspberrypi",
        "repo": "rpicam-apps",
        "rev": "5a3f5965aca96c2d575261e4e4045f0e0481279b",
        "type": "github"
      },
      "original": {
        "owner": "raspberrypi",
        "ref": "v1.7.0",
        "repo": "rpicam-apps",
        "type": "github"
      }
    }
  },
  "root": "root",
  "version": 7
}
